// !$*UTF8*$!
{
	archiveVersion = 1;
	classes = {
	};
	objectVersion = 50;
	objects = {

/* Begin PBXBuildFile section */
		DE142F98222783780052D2F4 /* LaunchScreen.storyboard in Resources */ = {isa = PBXBuildFile; fileRef = DE142F97222783780052D2F4 /* LaunchScreen.storyboard */; };
		DE142F9A22279AF70052D2F4 /* DialogViewController.swift in Sources */ = {isa = PBXBuildFile; fileRef = DE142F9922279AF70052D2F4 /* DialogViewController.swift */; };
		DE142F9C2227AB3A0052D2F4 /* DialogCollectionViewCell.swift in Sources */ = {isa = PBXBuildFile; fileRef = DE142F9B2227AB3A0052D2F4 /* DialogCollectionViewCell.swift */; };
		DE28FA0022277E4600E347E0 /* DeviceScene.sks in Resources */ = {isa = PBXBuildFile; fileRef = DE28F9FF22277E4600E347E0 /* DeviceScene.sks */; };
		DECD547F2227746B00FA8506 /* AppDelegate.swift in Sources */ = {isa = PBXBuildFile; fileRef = DECD547E2227746B00FA8506 /* AppDelegate.swift */; };
		DECD54812227746B00FA8506 /* Device.scnassets in Resources */ = {isa = PBXBuildFile; fileRef = DECD54802227746B00FA8506 /* Device.scnassets */; };
		DECD54832227746B00FA8506 /* ARImageViewController.swift in Sources */ = {isa = PBXBuildFile; fileRef = DECD54822227746B00FA8506 /* ARImageViewController.swift */; };
		DECD54862227746B00FA8506 /* Main.storyboard in Resources */ = {isa = PBXBuildFile; fileRef = DECD54842227746B00FA8506 /* Main.storyboard */; };
		DECD54882227747600FA8506 /* Assets.xcassets in Resources */ = {isa = PBXBuildFile; fileRef = DECD54872227747600FA8506 /* Assets.xcassets */; };
/* End PBXBuildFile section */

/* Begin PBXFileReference section */
		DE142F97222783780052D2F4 /* LaunchScreen.storyboard */ = {isa = PBXFileReference; lastKnownFileType = file.storyboard; path = LaunchScreen.storyboard; sourceTree = "<group>"; };
		DE142F9922279AF70052D2F4 /* DialogViewController.swift */ = {isa = PBXFileReference; lastKnownFileType = sourcecode.swift; path = DialogViewController.swift; sourceTree = "<group>"; };
		DE142F9B2227AB3A0052D2F4 /* DialogCollectionViewCell.swift */ = {isa = PBXFileReference; lastKnownFileType = sourcecode.swift; path = DialogCollectionViewCell.swift; sourceTree = "<group>"; };
		DE28F9FF22277E4600E347E0 /* DeviceScene.sks */ = {isa = PBXFileReference; lastKnownFileType = file.sks; path = DeviceScene.sks; sourceTree = "<group>"; };
		DECD547B2227746B00FA8506 /* ARImage.app */ = {isa = PBXFileReference; explicitFileType = wrapper.application; includeInIndex = 0; path = ARImage.app; sourceTree = BUILT_PRODUCTS_DIR; };
		DECD547E2227746B00FA8506 /* AppDelegate.swift */ = {isa = PBXFileReference; lastKnownFileType = sourcecode.swift; path = AppDelegate.swift; sourceTree = "<group>"; };
		DECD54802227746B00FA8506 /* Device.scnassets */ = {isa = PBXFileReference; lastKnownFileType = wrapper.scnassets; path = Device.scnassets; sourceTree = "<group>"; };
		DECD54822227746B00FA8506 /* ARImageViewController.swift */ = {isa = PBXFileReference; lastKnownFileType = sourcecode.swift; path = ARImageViewController.swift; sourceTree = "<group>"; };
		DECD54852227746B00FA8506 /* Base */ = {isa = PBXFileReference; lastKnownFileType = file.storyboard; name = Base; path = Base.lproj/Main.storyboard; sourceTree = "<group>"; };
		DECD54872227747600FA8506 /* Assets.xcassets */ = {isa = PBXFileReference; lastKnownFileType = folder.assetcatalog; path = Assets.xcassets; sourceTree = "<group>"; };
		DECD548C2227747600FA8506 /* Info.plist */ = {isa = PBXFileReference; lastKnownFileType = text.plist.xml; path = Info.plist; sourceTree = "<group>"; };
/* End PBXFileReference section */

/* Begin PBXFrameworksBuildPhase section */
		DECD54782227746B00FA8506 /* Frameworks */ = {
			isa = PBXFrameworksBuildPhase;
			buildActionMask = 2147483647;
			files = (
			);
			runOnlyForDeploymentPostprocessing = 0;
		};
/* End PBXFrameworksBuildPhase section */

/* Begin PBXGroup section */
		DECD54722227746A00FA8506 = {
			isa = PBXGroup;
			children = (
				DECD547D2227746B00FA8506 /* ARImage */,
				DECD547C2227746B00FA8506 /* Products */,
			);
			sourceTree = "<group>";
		};
		DECD547C2227746B00FA8506 /* Products */ = {
			isa = PBXGroup;
			children = (
				DECD547B2227746B00FA8506 /* ARImage.app */,
			);
			name = Products;
			sourceTree = "<group>";
		};
		DECD547D2227746B00FA8506 /* ARImage */ = {
			isa = PBXGroup;
			children = (
				DECD547E2227746B00FA8506 /* AppDelegate.swift */,
				DECD54802227746B00FA8506 /* Device.scnassets */,
				DECD54822227746B00FA8506 /* ARImageViewController.swift */,
				DECD54842227746B00FA8506 /* Main.storyboard */,
				DECD54872227747600FA8506 /* Assets.xcassets */,
				DECD548C2227747600FA8506 /* Info.plist */,
				DE28F9FF22277E4600E347E0 /* DeviceScene.sks */,
				DE142F97222783780052D2F4 /* LaunchScreen.storyboard */,
				DE142F9922279AF70052D2F4 /* DialogViewController.swift */,
				DE142F9B2227AB3A0052D2F4 /* DialogCollectionViewCell.swift */,
			);
			path = ARImage;
			sourceTree = "<group>";
		};
/* End PBXGroup section */

/* Begin PBXNativeTarget section */
		DECD547A2227746B00FA8506 /* ARImage */ = {
			isa = PBXNativeTarget;
			buildConfigurationList = DECD548F2227747600FA8506 /* Build configuration list for PBXNativeTarget "ARImage" */;
			buildPhases = (
				DECD54772227746B00FA8506 /* Sources */,
				DECD54782227746B00FA8506 /* Frameworks */,
				DECD54792227746B00FA8506 /* Resources */,
			);
			buildRules = (
			);
			dependencies = (
			);
			name = ARImage;
			productName = ARImage;
			productReference = DECD547B2227746B00FA8506 /* ARImage.app */;
			productType = "com.apple.product-type.application";
		};
/* End PBXNativeTarget section */

/* Begin PBXProject section */
		DECD54732227746A00FA8506 /* Project object */ = {
			isa = PBXProject;
			attributes = {
				LastSwiftUpdateCheck = 1010;
				LastUpgradeCheck = 1010;
				ORGANIZATIONNAME = iosdevlog;
				TargetAttributes = {
					DECD547A2227746B00FA8506 = {
						CreatedOnToolsVersion = 10.1;
					};
				};
			};
			buildConfigurationList = DECD54762227746A00FA8506 /* Build configuration list for PBXProject "ARImage" */;
			compatibilityVersion = "Xcode 9.3";
			developmentRegion = en;
			hasScannedForEncodings = 0;
			knownRegions = (
				en,
				Base,
			);
			mainGroup = DECD54722227746A00FA8506;
			productRefGroup = DECD547C2227746B00FA8506 /* Products */;
			projectDirPath = "";
			projectRoot = "";
			targets = (
				DECD547A2227746B00FA8506 /* ARImage */,
			);
		};
/* End PBXProject section */

/* Begin PBXResourcesBuildPhase section */
		DECD54792227746B00FA8506 /* Resources */ = {
			isa = PBXResourcesBuildPhase;
			buildActionMask = 2147483647;
			files = (
				DECD54812227746B00FA8506 /* Device.scnassets in Resources */,
				DECD54882227747600FA8506 /* Assets.xcassets in Resources */,
				DE28FA0022277E4600E347E0 /* DeviceScene.sks in Resources */,
				DE142F98222783780052D2F4 /* LaunchScreen.storyboard in Resources */,
				DECD54862227746B00FA8506 /* Main.storyboard in Resources */,
			);
			runOnlyForDeploymentPostprocessing = 0;
		};
/* End PBXResourcesBuildPhase section */

/* Begin PBXSourcesBuildPhase section */
		DECD54772227746B00FA8506 /* Sources */ = {
			isa = PBXSourcesBuildPhase;
			buildActionMask = 2147483647;
			files = (
				DE142F9C2227AB3A0052D2F4 /* DialogCollectionViewCell.swift in Sources */,
				DECD54832227746B00FA8506 /* ARImageViewController.swift in Sources */,
				DECD547F2227746B00FA8506 /* AppDelegate.swift in Sources */,
				DE142F9A22279AF70052D2F4 /* DialogViewController.swift in Sources */,
			);
			runOnlyForDeploymentPostprocessing = 0;
		};
/* End PBXSourcesBuildPhase section */

/* Begin PBXVariantGroup section */
		DECD54842227746B00FA8506 /* Main.storyboard */ = {
			isa = PBXVariantGroup;
			children = (
				DECD54852227746B00FA8506 /* Base */,
			);
			name = Main.storyboard;
			sourceTree = "<group>";
		};
/* End PBXVariantGroup section */

/* Begin XCBuildConfiguration section */
		DECD548D2227747600FA8506 /* Debug */ = {
			isa = XCBuildConfiguration;
			buildSettings = {
				ALWAYS_SEARCH_USER_PATHS = NO;
				CLANG_ANALYZER_NONNULL = YES;
				CLANG_ANALYZER_NUMBER_OBJECT_CONVERSION = YES_AGGRESSIVE;
				CLANG_CXX_LANGUAGE_STANDARD = "gnu++14";
				CLANG_CXX_LIBRARY = "libc++";
				CLANG_ENABLE_MODULES = YES;
				CLANG_ENABLE_OBJC_ARC = YES;
				CLANG_ENABLE_OBJC_WEAK = YES;
				CLANG_WARN_BLOCK_CAPTURE_AUTORELEASING = YES;
				CLANG_WARN_BOOL_CONVERSION = YES;
				CLANG_WARN_COMMA = YES;
				CLANG_WARN_CONSTANT_CONVERSION = YES;
				CLANG_WARN_DEPRECATED_OBJC_IMPLEMENTATIONS = YES;
				CLANG_WARN_DIRECT_OBJC_ISA_USAGE = YES_ERROR;
				CLANG_WARN_DOCUMENTATION_COMMENTS = YES;
				CLANG_WARN_EMPTY_BODY = YES;
				CLANG_WARN_ENUM_CONVERSION = YES;
				CLANG_WARN_INFINITE_RECURSION = YES;
				CLANG_WARN_INT_CONVERSION = YES;
				CLANG_WARN_NON_LITERAL_NULL_CONVERSION = YES;
				CLANG_WARN_OBJC_IMPLICIT_RETAIN_SELF = YES;
				CLANG_WARN_OBJC_LITERAL_CONVERSION = YES;
				CLANG_WARN_OBJC_ROOT_CLASS = YES_ERROR;
				CLANG_WARN_RANGE_LOOP_ANALYSIS = YES;
				CLANG_WARN_STRICT_PROTOTYPES = YES;
				CLANG_WARN_SUSPICIOUS_MOVE = YES;
				CLANG_WARN_UNGUARDED_AVAILABILITY = YES_AGGRESSIVE;
				CLANG_WARN_UNREACHABLE_CODE = YES;
				CLANG_WARN__DUPLICATE_METHOD_MATCH = YES;
				CODE_SIGN_IDENTITY = "iPhone Developer";
				COPY_PHASE_STRIP = NO;
				DEBUG_INFORMATION_FORMAT = dwarf;
				ENABLE_STRICT_OBJC_MSGSEND = YES;
				ENABLE_TESTABILITY = YES;
				GCC_C_LANGUAGE_STANDARD = gnu11;
				GCC_DYNAMIC_NO_PIC = NO;
				GCC_NO_COMMON_BLOCKS = YES;
				GCC_OPTIMIZATION_LEVEL = 0;
				GCC_PREPROCESSOR_DEFINITIONS = (
					"DEBUG=1",
					"$(inherited)",
				);
				GCC_WARN_64_TO_32_BIT_CONVERSION = YES;
				GCC_WARN_ABOUT_RETURN_TYPE = YES_ERROR;
				GCC_WARN_UNDECLARED_SELECTOR = YES;
				GCC_WARN_UNINITIALIZED_AUTOS = YES_AGGRESSIVE;
				GCC_WARN_UNUSED_FUNCTION = YES;
				GCC_WARN_UNUSED_VARIABLE = YES;
				IPHONEOS_DEPLOYMENT_TARGET = 12.1;
				MTL_ENABLE_DEBUG_INFO = INCLUDE_SOURCE;
				MTL_FAST_MATH = YES;
				ONLY_ACTIVE_ARCH = YES;
				SDKROOT = iphoneos;
				SWIFT_ACTIVE_COMPILATION_CONDITIONS = DEBUG;
				SWIFT_OPTIMIZATION_LEVEL = "-Onone";
			};
			name = Debug;
		};
		DECD548E2227747600FA8506 /* Release */ = {
			isa = XCBuildConfiguration;
			buildSettings = {
				ALWAYS_SEARCH_USER_PATHS = NO;
				CLANG_ANALYZER_NONNULL = YES;
				CLANG_ANALYZER_NUMBER_OBJECT_CONVERSION = YES_AGGRESSIVE;
				CLANG_CXX_LANGUAGE_STANDARD = "gnu++14";
				CLANG_CXX_LIBRARY = "libc++";
				CLANG_ENABLE_MODULES = YES;
				CLANG_ENABLE_OBJC_ARC = YES;
				CLANG_ENABLE_OBJC_WEAK = YES;
				CLANG_WARN_BLOCK_CAPTURE_AUTORELEASING = YES;
				CLANG_WARN_BOOL_CONVERSION = YES;
				CLANG_WARN_COMMA = YES;
				CLANG_WARN_CONSTANT_CONVERSION = YES;
				CLANG_WARN_DEPRECATED_OBJC_IMPLEMENTATIONS = YES;
				CLANG_WARN_DIRECT_OBJC_ISA_USAGE = YES_ERROR;
				CLANG_WARN_DOCUMENTATION_COMMENTS = YES;
				CLANG_WARN_EMPTY_BODY = YES;
				CLANG_WARN_ENUM_CONVERSION = YES;
				CLANG_WARN_INFINITE_RECURSION = YES;
				CLANG_WARN_INT_CONVERSION = YES;
				CLANG_WARN_NON_LITERAL_NULL_CONVERSION = YES;
				CLANG_WARN_OBJC_IMPLICIT_RETAIN_SELF = YES;
				CLANG_WARN_OBJC_LITERAL_CONVERSION = YES;
				CLANG_WARN_OBJC_ROOT_CLASS = YES_ERROR;
				CLANG_WARN_RANGE_LOOP_ANALYSIS = YES;
				CLANG_WARN_STRICT_PROTOTYPES = YES;
				CLANG_WARN_SUSPICIOUS_MOVE = YES;
				CLANG_WARN_UNGUARDED_AVAILABILITY = YES_AGGRESSIVE;
				CLANG_WARN_UNREACHABLE_CODE = YES;
				CLANG_WARN__DUPLICATE_METHOD_MATCH = YES;
				CODE_SIGN_IDENTITY = "iPhone Developer";
				COPY_PHASE_STRIP = NO;
				DEBUG_INFORMATION_FORMAT = "dwarf-with-dsym";
				ENABLE_NS_ASSERTIONS = NO;
				ENABLE_STRICT_OBJC_MSGSEND = YES;
				GCC_C_LANGUAGE_STANDARD = gnu11;
				GCC_NO_COMMON_BLOCKS = YES;
				GCC_WARN_64_TO_32_BIT_CONVERSION = YES;
				GCC_WARN_ABOUT_RETURN_TYPE = YES_ERROR;
				GCC_WARN_UNDECLARED_SELECTOR = YES;
				GCC_WARN_UNINITIALIZED_AUTOS = YES_AGGRESSIVE;
				GCC_WARN_UNUSED_FUNCTION = YES;
				GCC_WARN_UNUSED_VARIABLE = YES;
				IPHONEOS_DEPLOYMENT_TARGET = 12.1;
				MTL_ENABLE_DEBUG_INFO = NO;
				MTL_FAST_MATH = YES;
				SDKROOT = iphoneos;
				SWIFT_COMPILATION_MODE = wholemodule;
				SWIFT_OPTIMIZATION_LEVEL = "-O";
				VALIDATE_PRODUCT = YES;
			};
			name = Release;
		};
		DECD54902227747600FA8506 /* Debug */ = {
			isa = XCBuildConfiguration;
			buildSettings = {
				ASSETCATALOG_COMPILER_APPICON_NAME = AppIcon;
				CODE_SIGN_STYLE = Automatic;
				DEVELOPMENT_TEAM = J8W3A83N2L;
				INFOPLIST_FILE = ARImage/Info.plist;
				IPHONEOS_DEPLOYMENT_TARGET = 12.0;
				LD_RUNPATH_SEARCH_PATHS = (
					"$(inherited)",
					"@executable_path/Frameworks",
				);
				PRODUCT_BUNDLE_IDENTIFIER = com.iosdevlog.ARImage;
				PRODUCT_NAME = "$(TARGET_NAME)";
				SWIFT_VERSION = 4.2;
				TARGETED_DEVICE_FAMILY = "1,2";
			};
			name = Debug;
		};
		DECD54912227747600FA8506 /* Release */ = {
			isa = XCBuildConfiguration;
			buildSettings = {
				ASSETCATALOG_COMPILER_APPICON_NAME = AppIcon;
				CODE_SIGN_STYLE = Automatic;
				DEVELOPMENT_TEAM = J8W3A83N2L;
				INFOPLIST_FILE = ARImage/Info.plist;
				IPHONEOS_DEPLOYMENT_TARGET = 12.0;
				LD_RUNPATH_SEARCH_PATHS = (
					"$(inherited)",
					"@executable_path/Frameworks",
				);
				PRODUCT_BUNDLE_IDENTIFIER = com.iosdevlog.ARImage;
				PRODUCT_NAME = "$(TARGET_NAME)";
				SWIFT_VERSION = 4.2;
				TARGETED_DEVICE_FAMILY = "1,2";
			};
			name = Release;
		};
/* End XCBuildConfiguration section */

/* Begin XCConfigurationList section */
		DECD54762227746A00FA8506 /* Build configuration list for PBXProject "ARImage" */ = {
			isa = XCConfigurationList;
			buildConfigurations = (
				DECD548D2227747600FA8506 /* Debug */,
				DECD548E2227747600FA8506 /* Release */,
			);
			defaultConfigurationIsVisible = 0;
			defaultConfigurationName = Release;
		};
		DECD548F2227747600FA8506 /* Build configuration list for PBXNativeTarget "ARImage" */ = {
			isa = XCConfigurationList;
			buildConfigurations = (
				DECD54902227747600FA8506 /* Debug */,
				DECD54912227747600FA8506 /* Release */,
			);
			defaultConfigurationIsVisible = 0;
			defaultConfigurationName = Release;
		};
/* End XCConfigurationList section */
	};
	rootObject = DECD54732227746A00FA8506 /* Project object */;
}
